
Microsoft Visual Studio Solution File, Format Version 12.00
# Visual Studio Version 18
VisualStudioVersion = 18.2.11415.280
MinimumVisualStudioVersion = 10.0.40219.1
Project("{FAE04EC0-301F-11D3-BF4B-00C04F79EFBC}") = "Adocao.Application", "Adocao.Application\Adocao.Application.csproj", "{4B10BA22-142C-49FE-ABA5-D740C93EFCFB}"
EndProject
Project("{FAE04EC0-301F-11D3-BF4B-00C04F79EFBC}") = "Adocao.Domain", "Adocao.Domain\Adocao.Domain.csproj", "{AEC33223-9A27-4649-A752-EBAC101E7DF9}"
EndProject
Project("{FAE04EC0-301F-11D3-BF4B-00C04F79EFBC}") = "Adocao.Infra", "Adocao.Infra\Adocao.Infra.csproj", "{8E17537C-0B51-4B98-9740-80A9F0DDA407}"
EndProject
Project("{FAE04EC0-301F-11D3-BF4B-00C04F79EFBC}") = "Adocao.API", "Adocao.API\Adocao.API.csproj", "{6075C7C6-5DAA-4072-9EDC-F62698B2CBA0}"
EndProject
Global
	GlobalSection(SolutionConfigurationPlatforms) = preSolution
		Debug|Any CPU = Debug|Any CPU
		Debug|x64 = Debug|x64
		Debug|x86 = Debug|x86
		Release|Any CPU = Release|Any CPU
		Release|x64 = Release|x64
		Release|x86 = Release|x86
	EndGlobalSection
	GlobalSection(ProjectConfigurationPlatforms) = postSolution
		{4B10BA22-142C-49FE-ABA5-D740C93EFCFB}.Debug|Any CPU.ActiveCfg = Debug|Any CPU
		{4B10BA22-142C-49FE-ABA5-D740C93EFCFB}.Debug|Any CPU.Build.0 = Debug|Any CPU
		{4B10BA22-142C-49FE-ABA5-D740C93EFCFB}.Debug|x64.ActiveCfg = Debug|Any CPU
		{4B10BA22-142C-49FE-ABA5-D740C93EFCFB}.Debug|x64.Build.0 = Debug|Any CPU
		{4B10BA22-142C-49FE-ABA5-D740C93EFCFB}.Debug|x86.ActiveCfg = Debug|Any CPU
		{4B10BA22-142C-49FE-ABA5-D740C93EFCFB}.Debug|x86.Build.0 = Debug|Any CPU
		{4B10BA22-142C-49FE-ABA5-D740C93EFCFB}.Release|Any CPU.ActiveCfg = Release|Any CPU
		{4B10BA22-142C-49FE-ABA5-D740C93EFCFB}.Release|Any CPU.Build.0 = Release|Any CPU
		{4B10BA22-142C-49FE-ABA5-D740C93EFCFB}.Release|x64.ActiveCfg = Release|Any CPU
		{4B10BA22-142C-49FE-ABA5-D740C93EFCFB}.Release|x64.Build.0 = Release|Any CPU
		{4B10BA22-142C-49FE-ABA5-D740C93EFCFB}.Release|x86.ActiveCfg = Release|Any CPU
		{4B10BA22-142C-49FE-ABA5-D740C93EFCFB}.Release|x86.Build.0 = Release|Any CPU
		{AEC33223-9A27-4649-A752-EBAC101E7DF9}.Debug|Any CPU.ActiveCfg = Debug|Any CPU
		{AEC33223-9A27-4649-A752-EBAC101E7DF9}.Debug|Any CPU.Build.0 = Debug|Any CPU
		{AEC33223-9A27-4649-A752-EBAC101E7DF9}.Debug|x64.ActiveCfg = Debug|Any CPU
		{AEC33223-9A27-4649-A752-EBAC101E7DF9}.Debug|x64.Build.0 = Debug|Any CPU
		{AEC33223-9A27-4649-A752-EBAC101E7DF9}.Debug|x86.ActiveCfg = Debug|Any CPU
		{AEC33223-9A27-4649-A752-EBAC101E7DF9}.Debug|x86.Build.0 = Debug|Any CPU
		{AEC33223-9A27-4649-A752-EBAC101E7DF9}.Release|Any CPU.ActiveCfg = Release|Any CPU
		{AEC33223-9A27-4649-A752-EBAC101E7DF9}.Release|Any CPU.Build.0 = Release|Any CPU
		{AEC33223-9A27-4649-A752-EBAC101E7DF9}.Release|x64.ActiveCfg = Release|Any CPU
		{AEC33223-9A27-4649-A752-EBAC101E7DF9}.Release|x64.Build.0 = Release|Any CPU
		{AEC33223-9A27-4649-A752-EBAC101E7DF9}.Release|x86.ActiveCfg = Release|Any CPU
		{AEC33223-9A27-4649-A752-EBAC101E7DF9}.Release|x86.Build.0 = Release|Any CPU
		{8E17537C-0B51-4B98-9740-80A9F0DDA407}.Debug|Any CPU.ActiveCfg = Debug|Any CPU
		{8E17537C-0B51-4B98-9740-80A9F0DDA407}.Debug|Any CPU.Build.0 = Debug|Any CPU
		{8E17537C-0B51-4B98-9740-80A9F0DDA407}.Debug|x64.ActiveCfg = Debug|Any CPU
		{8E17537C-0B51-4B98-9740-80A9F0DDA407}.Debug|x64.Build.0 = Debug|Any CPU
		{8E17537C-0B51-4B98-9740-80A9F0DDA407}.Debug|x86.ActiveCfg = Debug|Any CPU
		{8E17537C-0B51-4B98-9740-80A9F0DDA407}.Debug|x86.Build.0 = Debug|Any CPU
		{8E17537C-0B51-4B98-9740-80A9F0DDA407}.Release|Any CPU.ActiveCfg = Release|Any CPU
		{8E17537C-0B51-4B98-9740-80A9F0DDA407}.Release|Any CPU.Build.0 = Release|Any CPU
		{8E17537C-0B51-4B98-9740-80A9F0DDA407}.Release|x64.ActiveCfg = Release|Any CPU
		{8E17537C-0B51-4B98-9740-80A9F0DDA407}.Release|x64.Build.0 = Release|Any CPU
		{8E17537C-0B51-4B98-9740-80A9F0DDA407}.Release|x86.ActiveCfg = Release|Any CPU
		{8E17537C-0B51-4B98-9740-80A9F0DDA407}.Release|x86.Build.0 = Release|Any CPU
		{6075C7C6-5DAA-4072-9EDC-F62698B2CBA0}.Debug|Any CPU.ActiveCfg = Debug|Any CPU
		{6075C7C6-5DAA-4072-9EDC-F62698B2CBA0}.Debug|Any CPU.Build.0 = Debug|Any CPU
		{6075C7C6-5DAA-4072-9EDC-F62698B2CBA0}.Debug|x64.ActiveCfg = Debug|Any CPU
		{6075C7C6-5DAA-4072-9EDC-F62698B2CBA0}.Debug|x64.Build.0 = Debug|Any CPU
		{6075C7C6-5DAA-4072-9EDC-F62698B2CBA0}.Debug|x86.ActiveCfg = Debug|Any CPU
		{6075C7C6-5DAA-4072-9EDC-F62698B2CBA0}.Debug|x86.Build.0 = Debug|Any CPU
		{6075C7C6-5DAA-4072-9EDC-F62698B2CBA0}.Release|Any CPU.ActiveCfg = Release|Any CPU
		{6075C7C6-5DAA-4072-9EDC-F62698B2CBA0}.Release|Any CPU.Build.0 = Release|Any CPU
		{6075C7C6-5DAA-4072-9EDC-F62698B2CBA0}.Release|x64.ActiveCfg = Release|Any CPU
		{6075C7C6-5DAA-4072-9EDC-F62698B2CBA0}.Release|x64.Build.0 = Release|Any CPU
		{6075C7C6-5DAA-4072-9EDC-F62698B2CBA0}.Release|x86.ActiveCfg = Release|Any CPU
		{6075C7C6-5DAA-4072-9EDC-F62698B2CBA0}.Release|x86.Build.0 = Release|Any CPU
	EndGlobalSection
	GlobalSection(SolutionProperties) = preSolution
		HideSolutionNode = FALSE
	EndGlobalSection
	GlobalSection(ExtensibilityGlobals) = postSolution
		SolutionGuid = {C8944DCA-E1E3-4CB5-A432-1C95749004CE}
	EndGlobalSection
EndGlobal
